
Microsoft Visual Studio Solution File, Format Version 12.00
# Visual Studio Version 17
VisualStudioVersion = 17.8.34330.188
MinimumVisualStudioVersion = 10.0.40219.1
Project("{FAE04EC0-301F-11D3-BF4B-00C04F79EFBC}") = "DemoWebApp", "DemoWebApp\DemoWebApp.csproj", "{B0AD2972-2BE3-4C9F-AF57-C0EB1D334961}"
EndProject
Global
	GlobalSection(SolutionConfigurationPlatforms) = preSolution
		Debug|Any CPU = Debug|Any CPU
		Release|Any CPU = Release|Any CPU
	EndGlobalSection
	GlobalSection(ProjectConfigurationPlatforms) = postSolution
		{B0AD2972-2BE3-4C9F-AF57-C0EB1D334961}.Debug|Any CPU.ActiveCfg = Debug|Any CPU
		{B0AD2972-2BE3-4C9F-AF57-C0EB1D334961}.Debug|Any CPU.Build.0 = Debug|Any CPU
		{B0AD2972-2BE3-4C9F-AF57-C0EB1D334961}.Release|Any CPU.ActiveCfg = Release|Any CPU
		{B0AD2972-2BE3-4C9F-AF57-C0EB1D334961}.Release|Any CPU.Build.0 = Release|Any CPU
	EndGlobalSection
	GlobalSection(SolutionProperties) = preSolution
		HideSolutionNode = FALSE
	EndGlobalSection
	GlobalSection(ExtensibilityGlobals) = postSolution
		SolutionGuid = {F605E46A-2783-4EA3-ACE9-F107F70E54FF}
	EndGlobalSection
EndGlobal
